PODS:
  - emojidataios (0.1.9)
  - Nimble (7.3.1)
  - Quick (1.3.2)

DEPENDENCIES:
  - emojidataios (from `../`)
  - Nimble (~> 7.3.1)
  - Quick (~> 1.3.2)

SPEC REPOS:
  https://github.com/cocoapods/specs.git:
    - Nimble
    - Quick

EXTERNAL SOURCES:
  emojidataios:
    :path: "../"

SPEC CHECKSUMS:
  emojidataios: 4e680c4f937834e59af6e0264f3532e6d7c855c6
  Nimble: 04f732da099ea4d153122aec8c2a88fd0c7219ae
  Quick: 2623cb30d7a7f41ca62f684f679586558f483d46

PODFILE CHECKSUM: 4d957b0f28f302799d778262dee7c6430b4e39d3

COCOAPODS: 1.5.3
