PODS:
  - emojidataios (0.2.0)
  - Nimble (8.0.1)
  - Quick (2.1.0)

DEPENDENCIES:
  - emojidataios (from `../`)
  - Nimble (~> 8.0.1)
  - Quick (~> 2.1.0)

SPEC REPOS:
  https://github.com/cocoapods/specs.git:
    - Nimble
    - Quick

EXTERNAL SOURCES:
  emojidataios:
    :path: "../"

SPEC CHECKSUMS:
  emojidataios: b6f24d265146524fa9d5adf787d73ae84dbd7725
  Nimble: 45f786ae66faa9a709624227fae502db55a8bdd0
  Quick: 4be43f6634acfa727dd106bdf3929ce125ffa79d

PODFILE CHECKSUM: cc934e57bf4c0bf9d68c158c19b327266268bed4

COCOAPODS: 1.6.1
